
Microsoft Visual Studio Solution File, Format Version 12.00
# Visual Studio Version 17
VisualStudioVersion = 17.8.34316.72
MinimumVisualStudioVersion = 10.0.40219.1
Project("{9A19103F-16F7-4668-BE54-9A1E7A4F7556}") = "PokemonBackend", "PokemonBackend.csproj", "{8EC5C85F-64AA-45AF-9DCC-01EC8C25AE69}"
EndProject
Global
	GlobalSection(SolutionConfigurationPlatforms) = preSolution
		Debug|Any CPU = Debug|Any CPU
		Release|Any CPU = Release|Any CPU
	EndGlobalSection
	GlobalSection(ProjectConfigurationPlatforms) = postSolution
		{8EC5C85F-64AA-45AF-9DCC-01EC8C25AE69}.Debug|Any CPU.ActiveCfg = Debug|Any CPU
		{8EC5C85F-64AA-45AF-9DCC-01EC8C25AE69}.Debug|Any CPU.Build.0 = Debug|Any CPU
		{8EC5C85F-64AA-45AF-9DCC-01EC8C25AE69}.Release|Any CPU.ActiveCfg = Release|Any CPU
		{8EC5C85F-64AA-45AF-9DCC-01EC8C25AE69}.Release|Any CPU.Build.0 = Release|Any CPU
	EndGlobalSection
	GlobalSection(SolutionProperties) = preSolution
		HideSolutionNode = FALSE
	EndGlobalSection
	GlobalSection(ExtensibilityGlobals) = postSolution
		SolutionGuid = {DD0534E4-7704-45CA-A2A3-2FB6169D03BE}
	EndGlobalSection
EndGlobal
